
Microsoft Visual Studio Solution File, Format Version 12.00
# Visual Studio Version 17
VisualStudioVersion = 17.7.34024.191
MinimumVisualStudioVersion = 10.0.40219.1
Project("{FAE04EC0-301F-11D3-BF4B-00C04F79EFBC}") = "WebUseMapApplication", "WebUseMapApplication\WebUseMapApplication.csproj", "{66DC97E0-0DE8-4841-99D4-2C329046B280}"
EndProject
Global
	GlobalSection(SolutionConfigurationPlatforms) = preSolution
		Debug|Any CPU = Debug|Any CPU
		Release|Any CPU = Release|Any CPU
	EndGlobalSection
	GlobalSection(ProjectConfigurationPlatforms) = postSolution
		{66DC97E0-0DE8-4841-99D4-2C329046B280}.Debug|Any CPU.ActiveCfg = Debug|Any CPU
		{66DC97E0-0DE8-4841-99D4-2C329046B280}.Debug|Any CPU.Build.0 = Debug|Any CPU
		{66DC97E0-0DE8-4841-99D4-2C329046B280}.Release|Any CPU.ActiveCfg = Release|Any CPU
		{66DC97E0-0DE8-4841-99D4-2C329046B280}.Release|Any CPU.Build.0 = Release|Any CPU
	EndGlobalSection
	GlobalSection(SolutionProperties) = preSolution
		HideSolutionNode = FALSE
	EndGlobalSection
	GlobalSection(ExtensibilityGlobals) = postSolution
		SolutionGuid = {8DBD65FF-22FC-4D9F-8270-73EA6AF211F8}
	EndGlobalSection
EndGlobal
